// !$*UTF8*$!
{
	archiveVersion = 1;
	classes = {
	};
	objectVersion = 46;
	objects = {

/* Begin PBXBuildFile section */
		1FEB942A1B98D0910074BAF9 /* AppDelegate.swift in Sources */ = {isa = PBXBuildFile; fileRef = 1FEB94291B98D0910074BAF9 /* AppDelegate.swift */; };
		1FEB942C1B98D0910074BAF9 /* ViewController.swift in Sources */ = {isa = PBXBuildFile; fileRef = 1FEB942B1B98D0910074BAF9 /* ViewController.swift */; };
		1FEB942F1B98D0910074BAF9 /* Main.storyboard in Resources */ = {isa = PBXBuildFile; fileRef = 1FEB942D1B98D0910074BAF9 /* Main.storyboard */; };
		1FEB94311B98D0910074BAF9 /* Assets.xcassets in Resources */ = {isa = PBXBuildFile; fileRef = 1FEB94301B98D0910074BAF9 /* Assets.xcassets */; };
		1FEB94341B98D0910074BAF9 /* LaunchScreen.storyboard in Resources */ = {isa = PBXBuildFile; fileRef = 1FEB94321B98D0910074BAF9 /* LaunchScreen.storyboard */; };
		1FEB943F1B98D0910074BAF9 /* TipCalculatorTests.swift in Sources */ = {isa = PBXBuildFile; fileRef = 1FEB943E1B98D0910074BAF9 /* TipCalculatorTests.swift */; };
		1FEB944A1B98D0910074BAF9 /* TipCalculatorUITests.swift in Sources */ = {isa = PBXBuildFile; fileRef = 1FEB94491B98D0910074BAF9 /* TipCalculatorUITests.swift */; };
/* End PBXBuildFile section */

/* Begin PBXContainerItemProxy section */
		1FEB943B1B98D0910074BAF9 /* PBXContainerItemProxy */ = {
			isa = PBXContainerItemProxy;
			containerPortal = 1FEB941E1B98D0910074BAF9 /* Project object */;
			proxyType = 1;
			remoteGlobalIDString = 1FEB94251B98D0910074BAF9;
			remoteInfo = TipCalculator;
		};
		1FEB94461B98D0910074BAF9 /* PBXContainerItemProxy */ = {
			isa = PBXContainerItemProxy;
			containerPortal = 1FEB941E1B98D0910074BAF9 /* Project object */;
			proxyType = 1;
			remoteGlobalIDString = 1FEB94251B98D0910074BAF9;
			remoteInfo = TipCalculator;
		};
/* End PBXContainerItemProxy section */

/* Begin PBXFileReference section */
		1FEB94261B98D0910074BAF9 /* TipCalculator.app */ = {isa = PBXFileReference; explicitFileType = wrapper.application; includeInIndex = 0; path = TipCalculator.app; sourceTree = BUILT_PRODUCTS_DIR; };
		1FEB94291B98D0910074BAF9 /* AppDelegate.swift */ = {isa = PBXFileReference; lastKnownFileType = sourcecode.swift; path = AppDelegate.swift; sourceTree = "<group>"; };
		1FEB942B1B98D0910074BAF9 /* ViewController.swift */ = {isa = PBXFileReference; lastKnownFileType = sourcecode.swift; path = ViewController.swift; sourceTree = "<group>"; };
		1FEB942E1B98D0910074BAF9 /* Base */ = {isa = PBXFileReference; lastKnownFileType = file.storyboard; name = Base; path = Base.lproj/Main.storyboard; sourceTree = "<group>"; };
		1FEB94301B98D0910074BAF9 /* Assets.xcassets */ = {isa = PBXFileReference; lastKnownFileType = folder.assetcatalog; path = Assets.xcassets; sourceTree = "<group>"; };
		1FEB94331B98D0910074BAF9 /* Base */ = {isa = PBXFileReference; lastKnownFileType = file.storyboard; name = Base; path = Base.lproj/LaunchScreen.storyboard; sourceTree = "<group>"; };
		1FEB94351B98D0910074BAF9 /* Info.plist */ = {isa = PBXFileReference; lastKnownFileType = text.plist.xml; path = Info.plist; sourceTree = "<group>"; };
		1FEB943A1B98D0910074BAF9 /* TipCalculatorTests.xctest */ = {isa = PBXFileReference; explicitFileType = wrapper.cfbundle; includeInIndex = 0; path = TipCalculatorTests.xctest; sourceTree = BUILT_PRODUCTS_DIR; };
		1FEB943E1B98D0910074BAF9 /* TipCalculatorTests.swift */ = {isa = PBXFileReference; lastKnownFileType = sourcecode.swift; path = TipCalculatorTests.swift; sourceTree = "<group>"; };
		1FEB94401B98D0910074BAF9 /* Info.plist */ = {isa = PBXFileReference; lastKnownFileType = text.plist.xml; path = Info.plist; sourceTree = "<group>"; };
		1FEB94451B98D0910074BAF9 /* TipCalculatorUITests.xctest */ = {isa = PBXFileReference; explicitFileType = wrapper.cfbundle; includeInIndex = 0; path = TipCalculatorUITests.xctest; sourceTree = BUILT_PRODUCTS_DIR; };
		1FEB94491B98D0910074BAF9 /* TipCalculatorUITests.swift */ = {isa = PBXFileReference; lastKnownFileType = sourcecode.swift; path = TipCalculatorUITests.swift; sourceTree = "<group>"; };
		1FEB944B1B98D0910074BAF9 /* Info.plist */ = {isa = PBXFileReference; lastKnownFileType = text.plist.xml; path = Info.plist; sourceTree = "<group>"; };
/* End PBXFileReference section */

/* Begin PBXFrameworksBuildPhase section */
		1FEB94231B98D0910074BAF9 /* Frameworks */ = {
			isa = PBXFrameworksBuildPhase;
			buildActionMask = 2147483647;
			files = (
			);
			runOnlyForDeploymentPostprocessing = 0;
		};
		1FEB94371B98D0910074BAF9 /* Frameworks */ = {
			isa = PBXFrameworksBuildPhase;
			buildActionMask = 2147483647;
			files = (
			);
			runOnlyForDeploymentPostprocessing = 0;
		};
		1FEB94421B98D0910074BAF9 /* Frameworks */ = {
			isa = PBXFrameworksBuildPhase;
			buildActionMask = 2147483647;
			files = (
			);
			runOnlyForDeploymentPostprocessing = 0;
		};
/* End PBXFrameworksBuildPhase section */

/* Begin PBXGroup section */
		1FEB941D1B98D0910074BAF9 = {
			isa = PBXGroup;
			children = (
				1FEB94281B98D0910074BAF9 /* TipCalculator */,
				1FEB943D1B98D0910074BAF9 /* TipCalculatorTests */,
				1FEB94481B98D0910074BAF9 /* TipCalculatorUITests */,
				1FEB94271B98D0910074BAF9 /* Products */,
			);
			sourceTree = "<group>";
		};
		1FEB94271B98D0910074BAF9 /* Products */ = {
			isa = PBXGroup;
			children = (
				1FEB94261B98D0910074BAF9 /* TipCalculator.app */,
				1FEB943A1B98D0910074BAF9 /* TipCalculatorTests.xctest */,
				1FEB94451B98D0910074BAF9 /* TipCalculatorUITests.xctest */,
			);
			name = Products;
			sourceTree = "<group>";
		};
		1FEB94281B98D0910074BAF9 /* TipCalculator */ = {
			isa = PBXGroup;
			children = (
				1FEB94291B98D0910074BAF9 /* AppDelegate.swift */,
				1FEB942B1B98D0910074BAF9 /* ViewController.swift */,
				1FEB942D1B98D0910074BAF9 /* Main.storyboard */,
				1FEB94301B98D0910074BAF9 /* Assets.xcassets */,
				1FEB94321B98D0910074BAF9 /* LaunchScreen.storyboard */,
				1FEB94351B98D0910074BAF9 /* Info.plist */,
			);
			path = TipCalculator;
			sourceTree = "<group>";
		};
		1FEB943D1B98D0910074BAF9 /* TipCalculatorTests */ = {
			isa = PBXGroup;
			children = (
				1FEB943E1B98D0910074BAF9 /* TipCalculatorTests.swift */,
				1FEB94401B98D0910074BAF9 /* Info.plist */,
			);
			path = TipCalculatorTests;
			sourceTree = "<group>";
		};
		1FEB94481B98D0910074BAF9 /* TipCalculatorUITests */ = {
			isa = PBXGroup;
			children = (
				1FEB94491B98D0910074BAF9 /* TipCalculatorUITests.swift */,
				1FEB944B1B98D0910074BAF9 /* Info.plist */,
			);
			path = TipCalculatorUITests;
			sourceTree = "<group>";
		};
/* End PBXGroup section */

/* Begin PBXNativeTarget section */
		1FEB94251B98D0910074BAF9 /* TipCalculator */ = {
			isa = PBXNativeTarget;
			buildConfigurationList = 1FEB944E1B98D0910074BAF9 /* Build configuration list for PBXNativeTarget "TipCalculator" */;
			buildPhases = (
				1FEB94221B98D0910074BAF9 /* Sources */,
				1FEB94231B98D0910074BAF9 /* Frameworks */,
				1FEB94241B98D0910074BAF9 /* Resources */,
			);
			buildRules = (
			);
			dependencies = (
			);
			name = TipCalculator;
			productName = TipCalculator;
			productReference = 1FEB94261B98D0910074BAF9 /* TipCalculator.app */;
			productType = "com.apple.product-type.application";
		};
		1FEB94391B98D0910074BAF9 /* TipCalculatorTests */ = {
			isa = PBXNativeTarget;
			buildConfigurationList = 1FEB94511B98D0910074BAF9 /* Build configuration list for PBXNativeTarget "TipCalculatorTests" */;
			buildPhases = (
				1FEB94361B98D0910074BAF9 /* Sources */,
				1FEB94371B98D0910074BAF9 /* Frameworks */,
				1FEB94381B98D0910074BAF9 /* Resources */,
			);
			buildRules = (
			);
			dependencies = (
				1FEB943C1B98D0910074BAF9 /* PBXTargetDependency */,
			);
			name = TipCalculatorTests;
			productName = TipCalculatorTests;
			productReference = 1FEB943A1B98D0910074BAF9 /* TipCalculatorTests.xctest */;
			productType = "com.apple.product-type.bundle.unit-test";
		};
		1FEB94441B98D0910074BAF9 /* TipCalculatorUITests */ = {
			isa = PBXNativeTarget;
			buildConfigurationList = 1FEB94541B98D0910074BAF9 /* Build configuration list for PBXNativeTarget "TipCalculatorUITests" */;
			buildPhases = (
				1FEB94411B98D0910074BAF9 /* Sources */,
				1FEB94421B98D0910074BAF9 /* Frameworks */,
				1FEB94431B98D0910074BAF9 /* Resources */,
			);
			buildRules = (
			);
			dependencies = (
				1FEB94471B98D0910074BAF9 /* PBXTargetDependency */,
			);
			name = TipCalculatorUITests;
			productName = TipCalculatorUITests;
			productReference = 1FEB94451B98D0910074BAF9 /* TipCalculatorUITests.xctest */;
			productType = "com.apple.product-type.bundle.ui-testing";
		};
/* End PBXNativeTarget section */

/* Begin PBXProject section */
		1FEB941E1B98D0910074BAF9 /* Project object */ = {
			isa = PBXProject;
			attributes = {
				LastUpgradeCheck = 0700;
				ORGANIZATIONNAME = "Marcel Molina";
				TargetAttributes = {
					1FEB94251B98D0910074BAF9 = {
						CreatedOnToolsVersion = 7.0;
					};
					1FEB94391B98D0910074BAF9 = {
						CreatedOnToolsVersion = 7.0;
						TestTargetID = 1FEB94251B98D0910074BAF9;
					};
					1FEB94441B98D0910074BAF9 = {
						CreatedOnToolsVersion = 7.0;
						TestTargetID = 1FEB94251B98D0910074BAF9;
					};
				};
			};
			buildConfigurationList = 1FEB94211B98D0910074BAF9 /* Build configuration list for PBXProject "TipCalculator" */;
			compatibilityVersion = "Xcode 3.2";
			developmentRegion = English;
			hasScannedForEncodings = 0;
			knownRegions = (
				en,
				Base,
			);
			mainGroup = 1FEB941D1B98D0910074BAF9;
			productRefGroup = 1FEB94271B98D0910074BAF9 /* Products */;
			projectDirPath = "";
			projectRoot = "";
			targets = (
				1FEB94251B98D0910074BAF9 /* TipCalculator */,
				1FEB94391B98D0910074BAF9 /* TipCalculatorTests */,
				1FEB94441B98D0910074BAF9 /* TipCalculatorUITests */,
			);
		};
/* End PBXProject section */

/* Begin PBXResourcesBuildPhase section */
		1FEB94241B98D0910074BAF9 /* Resources */ = {
			isa = PBXResourcesBuildPhase;
			buildActionMask = 2147483647;
			files = (
				1FEB94341B98D0910074BAF9 /* LaunchScreen.storyboard in Resources */,
				1FEB94311B98D0910074BAF9 /* Assets.xcassets in Resources */,
				1FEB942F1B98D0910074BAF9 /* Main.storyboard in Resources */,
			);
			runOnlyForDeploymentPostprocessing = 0;
		};
		1FEB94381B98D0910074BAF9 /* Resources */ = {
			isa = PBXResourcesBuildPhase;
			buildActionMask = 2147483647;
			files = (
			);
			runOnlyForDeploymentPostprocessing = 0;
		};
		1FEB94431B98D0910074BAF9 /* Resources */ = {
			isa = PBXResourcesBuildPhase;
			buildActionMask = 2147483647;
			files = (
			);
			runOnlyForDeploymentPostprocessing = 0;
		};
/* End PBXResourcesBuildPhase section */

/* Begin PBXSourcesBuildPhase section */
		1FEB94221B98D0910074BAF9 /* Sources */ = {
			isa = PBXSourcesBuildPhase;
			buildActionMask = 2147483647;
			files = (
				1FEB942C1B98D0910074BAF9 /* ViewController.swift in Sources */,
				1FEB942A1B98D0910074BAF9 /* AppDelegate.swift in Sources */,
			);
			runOnlyForDeploymentPostprocessing = 0;
		};
		1FEB94361B98D0910074BAF9 /* Sources */ = {
			isa = PBXSourcesBuildPhase;
			buildActionMask = 2147483647;
			files = (
				1FEB943F1B98D0910074BAF9 /* TipCalculatorTests.swift in Sources */,
			);
			runOnlyForDeploymentPostprocessing = 0;
		};
		1FEB94411B98D0910074BAF9 /* Sources */ = {
			isa = PBXSourcesBuildPhase;
			buildActionMask = 2147483647;
			files = (
				1FEB944A1B98D0910074BAF9 /* TipCalculatorUITests.swift in Sources */,
			);
			runOnlyForDeploymentPostprocessing = 0;
		};
/* End PBXSourcesBuildPhase section */

/* Begin PBXTargetDependency section */
		1FEB943C1B98D0910074BAF9 /* PBXTargetDependency */ = {
			isa = PBXTargetDependency;
			target = 1FEB94251B98D0910074BAF9 /* TipCalculator */;
			targetProxy = 1FEB943B1B98D0910074BAF9 /* PBXContainerItemProxy */;
		};
		1FEB94471B98D0910074BAF9 /* PBXTargetDependency */ = {
			isa = PBXTargetDependency;
			target = 1FEB94251B98D0910074BAF9 /* TipCalculator */;
			targetProxy = 1FEB94461B98D0910074BAF9 /* PBXContainerItemProxy */;
		};
/* End PBXTargetDependency section */

/* Begin PBXVariantGroup section */
		1FEB942D1B98D0910074BAF9 /* Main.storyboard */ = {
			isa = PBXVariantGroup;
			children = (
				1FEB942E1B98D0910074BAF9 /* Base */,
			);
			name = Main.storyboard;
			sourceTree = "<group>";
		};
		1FEB94321B98D0910074BAF9 /* LaunchScreen.storyboard */ = {
			isa = PBXVariantGroup;
			children = (
				1FEB94331B98D0910074BAF9 /* Base */,
			);
			name = LaunchScreen.storyboard;
			sourceTree = "<group>";
		};
/* End PBXVariantGroup section */

/* Begin XCBuildConfiguration section */
		1FEB944C1B98D0910074BAF9 /* Debug */ = {
			isa = XCBuildConfiguration;
			buildSettings = {
				ALWAYS_SEARCH_USER_PATHS = NO;
				CLANG_CXX_LANGUAGE_STANDARD = "gnu++0x";
				CLANG_CXX_LIBRARY = "libc++";
				CLANG_ENABLE_MODULES = YES;
				CLANG_ENABLE_OBJC_ARC = YES;
				CLANG_WARN_BOOL_CONVERSION = YES;
				CLANG_WARN_CONSTANT_CONVERSION = YES;
				CLANG_WARN_DIRECT_OBJC_ISA_USAGE = YES_ERROR;
				CLANG_WARN_EMPTY_BODY = YES;
				CLANG_WARN_ENUM_CONVERSION = YES;
				CLANG_WARN_INT_CONVERSION = YES;
				CLANG_WARN_OBJC_ROOT_CLASS = YES_ERROR;
				CLANG_WARN_UNREACHABLE_CODE = YES;
				CLANG_WARN__DUPLICATE_METHOD_MATCH = YES;
				"CODE_SIGN_IDENTITY[sdk=iphoneos*]" = "iPhone Developer";
				COPY_PHASE_STRIP = NO;
				DEBUG_INFORMATION_FORMAT = dwarf;
				ENABLE_STRICT_OBJC_MSGSEND = YES;
				ENABLE_TESTABILITY = YES;
				GCC_C_LANGUAGE_STANDARD = gnu99;
				GCC_DYNAMIC_NO_PIC = NO;
				GCC_NO_COMMON_BLOCKS = YES;
				GCC_OPTIMIZATION_LEVEL = 0;
				GCC_PREPROCESSOR_DEFINITIONS = (
					"DEBUG=1",
					"$(inherited)",
				);
				GCC_WARN_64_TO_32_BIT_CONVERSION = YES;
				GCC_WARN_ABOUT_RETURN_TYPE = YES_ERROR;
				GCC_WARN_UNDECLARED_SELECTOR = YES;
				GCC_WARN_UNINITIALIZED_AUTOS = YES_AGGRESSIVE;
				GCC_WARN_UNUSED_FUNCTION = YES;
				GCC_WARN_UNUSED_VARIABLE = YES;
				IPHONEOS_DEPLOYMENT_TARGET = 9.0;
				MTL_ENABLE_DEBUG_INFO = YES;
				ONLY_ACTIVE_ARCH = YES;
				SDKROOT = iphoneos;
				SWIFT_OPTIMIZATION_LEVEL = "-Onone";
			};
			name = Debug;
		};
		1FEB944D1B98D0910074BAF9 /* Release */ = {
			isa = XCBuildConfiguration;
			buildSettings = {
				ALWAYS_SEARCH_USER_PATHS = NO;
				CLANG_CXX_LANGUAGE_STANDARD = "gnu++0x";
				CLANG_CXX_LIBRARY = "libc++";
				CLANG_ENABLE_MODULES = YES;
				CLANG_ENABLE_OBJC_ARC = YES;
				CLANG_WARN_BOOL_CONVERSION = YES;
				CLANG_WARN_CONSTANT_CONVERSION = YES;
				CLANG_WARN_DIRECT_OBJC_ISA_USAGE = YES_ERROR;
				CLANG_WARN_EMPTY_BODY = YES;
				CLANG_WARN_ENUM_CONVERSION = YES;
				CLANG_WARN_INT_CONVERSION = YES;
				CLANG_WARN_OBJC_ROOT_CLASS = YES_ERROR;
				CLANG_WARN_UNREACHABLE_CODE = YES;
				CLANG_WARN__DUPLICATE_METHOD_MATCH = YES;
				"CODE_SIGN_IDENTITY[sdk=iphoneos*]" = "iPhone Developer";
				COPY_PHASE_STRIP = NO;
				DEBUG_INFORMATION_FORMAT = "dwarf-with-dsym";
				ENABLE_NS_ASSERTIONS = NO;
				ENABLE_STRICT_OBJC_MSGSEND = YES;
				GCC_C_LANGUAGE_STANDARD = gnu99;
				GCC_NO_COMMON_BLOCKS = YES;
				GCC_WARN_64_TO_32_BIT_CONVERSION = YES;
				GCC_WARN_ABOUT_RETURN_TYPE = YES_ERROR;
				GCC_WARN_UNDECLARED_SELECTOR = YES;
				GCC_WARN_UNINITIALIZED_AUTOS = YES_AGGRESSIVE;
				GCC_WARN_UNUSED_FUNCTION = YES;
				GCC_WARN_UNUSED_VARIABLE = YES;
				IPHONEOS_DEPLOYMENT_TARGET = 9.0;
				MTL_ENABLE_DEBUG_INFO = NO;
				SDKROOT = iphoneos;
				VALIDATE_PRODUCT = YES;
			};
			name = Release;
		};
		1FEB944F1B98D0910074BAF9 /* Debug */ = {
			isa = XCBuildConfiguration;
			buildSettings = {
				ASSETCATALOG_COMPILER_APPICON_NAME = AppIcon;
				INFOPLIST_FILE = TipCalculator/Info.plist;
				LD_RUNPATH_SEARCH_PATHS = "$(inherited) @executable_path/Frameworks";
				PRODUCT_BUNDLE_IDENTIFIER = com.andbutso.TipCalculator;
				PRODUCT_NAME = "$(TARGET_NAME)";
			};
			name = Debug;
		};
		1FEB94501B98D0910074BAF9 /* Release */ = {
			isa = XCBuildConfiguration;
			buildSettings = {
				ASSETCATALOG_COMPILER_APPICON_NAME = AppIcon;
				INFOPLIST_FILE = TipCalculator/Info.plist;
				LD_RUNPATH_SEARCH_PATHS = "$(inherited) @executable_path/Frameworks";
				PRODUCT_BUNDLE_IDENTIFIER = com.andbutso.TipCalculator;
				PRODUCT_NAME = "$(TARGET_NAME)";
			};
			name = Release;
		};
		1FEB94521B98D0910074BAF9 /* Debug */ = {
			isa = XCBuildConfiguration;
			buildSettings = {
				BUNDLE_LOADER = "$(TEST_HOST)";
				INFOPLIST_FILE = TipCalculatorTests/Info.plist;
				LD_RUNPATH_SEARCH_PATHS = "$(inherited) @executable_path/Frameworks @loader_path/Frameworks";
				PRODUCT_BUNDLE_IDENTIFIER = com.andbutso.TipCalculatorTests;
				PRODUCT_NAME = "$(TARGET_NAME)";
				TEST_HOST = "$(BUILT_PRODUCTS_DIR)/TipCalculator.app/TipCalculator";
			};
			name = Debug;
		};
		1FEB94531B98D0910074BAF9 /* Release */ = {
			isa = XCBuildConfiguration;
			buildSettings = {
				BUNDLE_LOADER = "$(TEST_HOST)";
				INFOPLIST_FILE = TipCalculatorTests/Info.plist;
				LD_RUNPATH_SEARCH_PATHS = "$(inherited) @executable_path/Frameworks @loader_path/Frameworks";
				PRODUCT_BUNDLE_IDENTIFIER = com.andbutso.TipCalculatorTests;
				PRODUCT_NAME = "$(TARGET_NAME)";
				TEST_HOST = "$(BUILT_PRODUCTS_DIR)/TipCalculator.app/TipCalculator";
			};
			name = Release;
		};
		1FEB94551B98D0910074BAF9 /* Debug */ = {
			isa = XCBuildConfiguration;
			buildSettings = {
				INFOPLIST_FILE = TipCalculatorUITests/Info.plist;
				LD_RUNPATH_SEARCH_PATHS = "$(inherited) @executable_path/Frameworks @loader_path/Frameworks";
				PRODUCT_BUNDLE_IDENTIFIER = com.andbutso.TipCalculatorUITests;
				PRODUCT_NAME = "$(TARGET_NAME)";
				TEST_TARGET_NAME = TipCalculator;
				USES_XCTRUNNER = YES;
			};
			name = Debug;
		};
		1FEB94561B98D0910074BAF9 /* Release */ = {
			isa = XCBuildConfiguration;
			buildSettings = {
				INFOPLIST_FILE = TipCalculatorUITests/Info.plist;
				LD_RUNPATH_SEARCH_PATHS = "$(inherited) @executable_path/Frameworks @loader_path/Frameworks";
				PRODUCT_BUNDLE_IDENTIFIER = com.andbutso.TipCalculatorUITests;
				PRODUCT_NAME = "$(TARGET_NAME)";
				TEST_TARGET_NAME = TipCalculator;
				USES_XCTRUNNER = YES;
			};
			name = Release;
		};
/* End XCBuildConfiguration section */

/* Begin XCConfigurationList section */
		1FEB94211B98D0910074BAF9 /* Build configuration list for PBXProject "TipCalculator" */ = {
			isa = XCConfigurationList;
			buildConfigurations = (
				1FEB944C1B98D0910074BAF9 /* Debug */,
				1FEB944D1B98D0910074BAF9 /* Release */,
			);
			defaultConfigurationIsVisible = 0;
			defaultConfigurationName = Release;
		};
		1FEB944E1B98D0910074BAF9 /* Build configuration list for PBXNativeTarget "TipCalculator" */ = {
			isa = XCConfigurationList;
			buildConfigurations = (
				1FEB944F1B98D0910074BAF9 /* Debug */,
				1FEB94501B98D0910074BAF9 /* Release */,
			);
			defaultConfigurationIsVisible = 0;
		};
		1FEB94511B98D0910074BAF9 /* Build configuration list for PBXNativeTarget "TipCalculatorTests" */ = {
			isa = XCConfigurationList;
			buildConfigurations = (
				1FEB94521B98D0910074BAF9 /* Debug */,
				1FEB94531B98D0910074BAF9 /* Release */,
			);
			defaultConfigurationIsVisible = 0;
		};
		1FEB94541B98D0910074BAF9 /* Build configuration list for PBXNativeTarget "TipCalculatorUITests" */ = {
			isa = XCConfigurationList;
			buildConfigurations = (
				1FEB94551B98D0910074BAF9 /* Debug */,
				1FEB94561B98D0910074BAF9 /* Release */,
			);
			defaultConfigurationIsVisible = 0;
		};
/* End XCConfigurationList section */
	};
	rootObject = 1FEB941E1B98D0910074BAF9 /* Project object */;
}
